
Microsoft Visual Studio Solution File, Format Version 12.00
# Visual Studio 15
VisualStudioVersion = 15.0.26430.13
MinimumVisualStudioVersion = 10.0.40219.1
Project("{FAE04EC0-301F-11D3-BF4B-00C04F79EFBC}") = "Machina", "Machina\Machina.csproj", "{2681C607-A075-4070-BE13-34F0A395119E}"
EndProject
Global
	GlobalSection(SolutionConfigurationPlatforms) = preSolution
		Debug|Any CPU = Debug|Any CPU
		Release|Any CPU = Release|Any CPU
	EndGlobalSection
	GlobalSection(ProjectConfigurationPlatforms) = postSolution
		{2681C607-A075-4070-BE13-34F0A395119E}.Debug|Any CPU.ActiveCfg = Debug|x86
		{2681C607-A075-4070-BE13-34F0A395119E}.Debug|Any CPU.Build.0 = Debug|x86
		{2681C607-A075-4070-BE13-34F0A395119E}.Release|Any CPU.ActiveCfg = Release|x86
		{2681C607-A075-4070-BE13-34F0A395119E}.Release|Any CPU.Build.0 = Release|x86
	EndGlobalSection
	GlobalSection(SolutionProperties) = preSolution
		HideSolutionNode = FALSE
	EndGlobalSection
EndGlobal
